
Microsoft Visual Studio Solution File, Format Version 12.00
# Visual Studio Version 17
VisualStudioVersion = 17.0.31919.166
MinimumVisualStudioVersion = 10.0.40219.1
Project("{FAE04EC0-301F-11D3-BF4B-00C04F79EFBC}") = "ASCII_Art", "ASCII_Art\ASCII_Art.csproj", "{E94FCBAC-DA65-49B4-97C1-3C6096EA4E91}"
EndProject
Global
	GlobalSection(SolutionConfigurationPlatforms) = preSolution
		Debug|Any CPU = Debug|Any CPU
		Release|Any CPU = Release|Any CPU
	EndGlobalSection
	GlobalSection(ProjectConfigurationPlatforms) = postSolution
		{E94FCBAC-DA65-49B4-97C1-3C6096EA4E91}.Debug|Any CPU.ActiveCfg = Debug|Any CPU
		{E94FCBAC-DA65-49B4-97C1-3C6096EA4E91}.Debug|Any CPU.Build.0 = Debug|Any CPU
		{E94FCBAC-DA65-49B4-97C1-3C6096EA4E91}.Release|Any CPU.ActiveCfg = Release|Any CPU
		{E94FCBAC-DA65-49B4-97C1-3C6096EA4E91}.Release|Any CPU.Build.0 = Release|Any CPU
	EndGlobalSection
	GlobalSection(SolutionProperties) = preSolution
		HideSolutionNode = FALSE
	EndGlobalSection
	GlobalSection(ExtensibilityGlobals) = postSolution
		SolutionGuid = {8BDF3368-8064-449E-9EAF-62BCEC49A4AC}
	EndGlobalSection
EndGlobal
